("quicklisp" .
 (:class qlot/source/dist:source-dist
  :initargs (:distribution "https://beta.quicklisp.org/dist/quicklisp.txt" :%version :latest)
  :version "2024-10-12"))
("ultralisp" .
 (:class qlot/source/dist:source-dist
  :initargs (:distribution "https://dist.ultralisp.org/" :%version :latest)
  :version "20241210165001"))
("cl-sdl2" .
 (:class qlot/source/github:source-github
  :initargs (:repos "ellisvelo/cl-sdl2" :ref nil :branch nil :tag nil)
  :version "github-746b638a3f15ba6e31576e6351831805af96f9e8"))
("assoc-utils" .
 (:class qlot/source/github:source-github
  :initargs (:repos "fukamachi/assoc-utils" :ref nil :branch nil :tag nil)
  :version "github-b14ab685231ebd924fc84ffd6099b2819ebcb7c7"))
("parachute" .
 (:class qlot/source/github:source-github
  :initargs (:repos "Shinmera/parachute" :ref nil :branch nil :tag nil)
  :version "github-a21ae191d8a25093ca053c68e5d74d012f1a2403"))
